
Microsoft Visual Studio Solution File, Format Version 12.00
Project("{FAE04EC0-301F-11D3-BF4B-00C04F79EFBC}") = "HelloWorld.Core", "HelloWorld.Core\HelloWorld.Core.csproj", "{81394483-49CC-450D-BF7F-85489E8CEFCA}"
EndProject
Project("{FAE04EC0-301F-11D3-BF4B-00C04F79EFBC}") = "HelloWorld.Console", "HelloWorld.Console\HelloWorld.Console.csproj", "{140D2E5D-8E65-4A34-8D49-554614B086A0}"
EndProject
Project("{FAE04EC0-301F-11D3-BF4B-00C04F79EFBC}") = "HelloWorld.Worker", "HelloWorld.Worker\HelloWorld.Worker.csproj", "{7922110A-57AE-485E-BB26-994881C4B5E8}"
EndProject
Project("{FAE04EC0-301F-11D3-BF4B-00C04F79EFBC}") = "HelloWorld.Api", "HelloWorld.Api\HelloWorld.Api.csproj", "{E27D957C-23E4-4AFA-B38B-119EC318DB31}"
EndProject
Global
	GlobalSection(SolutionConfigurationPlatforms) = preSolution
		Debug|Any CPU = Debug|Any CPU
		Release|Any CPU = Release|Any CPU
	EndGlobalSection
	GlobalSection(ProjectConfigurationPlatforms) = postSolution
		{81394483-49CC-450D-BF7F-85489E8CEFCA}.Debug|Any CPU.ActiveCfg = Debug|Any CPU
		{81394483-49CC-450D-BF7F-85489E8CEFCA}.Debug|Any CPU.Build.0 = Debug|Any CPU
		{81394483-49CC-450D-BF7F-85489E8CEFCA}.Release|Any CPU.ActiveCfg = Release|Any CPU
		{81394483-49CC-450D-BF7F-85489E8CEFCA}.Release|Any CPU.Build.0 = Release|Any CPU
		{140D2E5D-8E65-4A34-8D49-554614B086A0}.Debug|Any CPU.ActiveCfg = Debug|Any CPU
		{140D2E5D-8E65-4A34-8D49-554614B086A0}.Debug|Any CPU.Build.0 = Debug|Any CPU
		{140D2E5D-8E65-4A34-8D49-554614B086A0}.Release|Any CPU.ActiveCfg = Release|Any CPU
		{140D2E5D-8E65-4A34-8D49-554614B086A0}.Release|Any CPU.Build.0 = Release|Any CPU
		{7922110A-57AE-485E-BB26-994881C4B5E8}.Debug|Any CPU.ActiveCfg = Debug|Any CPU
		{7922110A-57AE-485E-BB26-994881C4B5E8}.Debug|Any CPU.Build.0 = Debug|Any CPU
		{7922110A-57AE-485E-BB26-994881C4B5E8}.Release|Any CPU.ActiveCfg = Release|Any CPU
		{7922110A-57AE-485E-BB26-994881C4B5E8}.Release|Any CPU.Build.0 = Release|Any CPU
		{E27D957C-23E4-4AFA-B38B-119EC318DB31}.Debug|Any CPU.ActiveCfg = Debug|Any CPU
		{E27D957C-23E4-4AFA-B38B-119EC318DB31}.Debug|Any CPU.Build.0 = Debug|Any CPU
		{E27D957C-23E4-4AFA-B38B-119EC318DB31}.Release|Any CPU.ActiveCfg = Release|Any CPU
		{E27D957C-23E4-4AFA-B38B-119EC318DB31}.Release|Any CPU.Build.0 = Release|Any CPU
	EndGlobalSection
EndGlobal
